// !$*UTF8*$!
{
	archiveVersion = 1;
	classes = {
	};
	objectVersion = 50;
	objects = {

/* Begin PBXBuildFile section */
		1AC4B9E521113E1300D13256 /* AppDelegate.swift in Sources */ = {isa = PBXBuildFile; fileRef = 1AC4B9E421113E1300D13256 /* AppDelegate.swift */; };
		1AC4B9E721113E1300D13256 /* TodoViewController.swift in Sources */ = {isa = PBXBuildFile; fileRef = 1AC4B9E621113E1300D13256 /* TodoViewController.swift */; };
		1AC4B9EA21113E1300D13256 /* Main.storyboard in Resources */ = {isa = PBXBuildFile; fileRef = 1AC4B9E821113E1300D13256 /* Main.storyboard */; };
		1AC4B9EC21113E1900D13256 /* Assets.xcassets in Resources */ = {isa = PBXBuildFile; fileRef = 1AC4B9EB21113E1900D13256 /* Assets.xcassets */; };
		1AC4B9EF21113E1900D13256 /* LaunchScreen.storyboard in Resources */ = {isa = PBXBuildFile; fileRef = 1AC4B9ED21113E1900D13256 /* LaunchScreen.storyboard */; };
		1AC4BA212114C89800D13256 /* CategoryViewController.swift in Sources */ = {isa = PBXBuildFile; fileRef = 1AC4BA202114C89800D13256 /* CategoryViewController.swift */; };
		1AC4BA2521169BB400D13256 /* Item.swift in Sources */ = {isa = PBXBuildFile; fileRef = 1AC4BA2421169BB400D13256 /* Item.swift */; };
		1AC4BA2721169BC600D13256 /* Category.swift in Sources */ = {isa = PBXBuildFile; fileRef = 1AC4BA2621169BC600D13256 /* Category.swift */; };
		E9D6D54890F990CB576ADBFA /* Pods_TodoApp.framework in Frameworks */ = {isa = PBXBuildFile; fileRef = CE9DC547144F6FA15A8F7B7B /* Pods_TodoApp.framework */; };
/* End PBXBuildFile section */

/* Begin PBXFileReference section */
		1AC4B9E121113E1300D13256 /* TodoApp.app */ = {isa = PBXFileReference; explicitFileType = wrapper.application; includeInIndex = 0; path = TodoApp.app; sourceTree = BUILT_PRODUCTS_DIR; };
		1AC4B9E421113E1300D13256 /* AppDelegate.swift */ = {isa = PBXFileReference; lastKnownFileType = sourcecode.swift; path = AppDelegate.swift; sourceTree = "<group>"; };
		1AC4B9E621113E1300D13256 /* TodoViewController.swift */ = {isa = PBXFileReference; lastKnownFileType = sourcecode.swift; path = TodoViewController.swift; sourceTree = "<group>"; };
		1AC4B9E921113E1300D13256 /* Base */ = {isa = PBXFileReference; lastKnownFileType = file.storyboard; name = Base; path = Base.lproj/Main.storyboard; sourceTree = "<group>"; };
		1AC4B9EB21113E1900D13256 /* Assets.xcassets */ = {isa = PBXFileReference; lastKnownFileType = folder.assetcatalog; path = Assets.xcassets; sourceTree = "<group>"; };
		1AC4B9EE21113E1900D13256 /* Base */ = {isa = PBXFileReference; lastKnownFileType = file.storyboard; name = Base; path = Base.lproj/LaunchScreen.storyboard; sourceTree = "<group>"; };
		1AC4B9F021113E1900D13256 /* Info.plist */ = {isa = PBXFileReference; lastKnownFileType = text.plist.xml; path = Info.plist; sourceTree = "<group>"; };
		1AC4BA202114C89800D13256 /* CategoryViewController.swift */ = {isa = PBXFileReference; lastKnownFileType = sourcecode.swift; path = CategoryViewController.swift; sourceTree = "<group>"; };
		1AC4BA2421169BB400D13256 /* Item.swift */ = {isa = PBXFileReference; lastKnownFileType = sourcecode.swift; path = Item.swift; sourceTree = "<group>"; };
		1AC4BA2621169BC600D13256 /* Category.swift */ = {isa = PBXFileReference; lastKnownFileType = sourcecode.swift; path = Category.swift; sourceTree = "<group>"; };
		569112FA7583D0F5B5361CBF /* Pods-TodoApp.release.xcconfig */ = {isa = PBXFileReference; includeInIndex = 1; lastKnownFileType = text.xcconfig; name = "Pods-TodoApp.release.xcconfig"; path = "Pods/Target Support Files/Pods-TodoApp/Pods-TodoApp.release.xcconfig"; sourceTree = "<group>"; };
		CE9DC547144F6FA15A8F7B7B /* Pods_TodoApp.framework */ = {isa = PBXFileReference; explicitFileType = wrapper.framework; includeInIndex = 0; path = Pods_TodoApp.framework; sourceTree = BUILT_PRODUCTS_DIR; };
		DE63A2A2097DFBC1423A6FDF /* Pods-TodoApp.debug.xcconfig */ = {isa = PBXFileReference; includeInIndex = 1; lastKnownFileType = text.xcconfig; name = "Pods-TodoApp.debug.xcconfig"; path = "Pods/Target Support Files/Pods-TodoApp/Pods-TodoApp.debug.xcconfig"; sourceTree = "<group>"; };
/* End PBXFileReference section */

/* Begin PBXFrameworksBuildPhase section */
		1AC4B9DE21113E1300D13256 /* Frameworks */ = {
			isa = PBXFrameworksBuildPhase;
			buildActionMask = 2147483647;
			files = (
				E9D6D54890F990CB576ADBFA /* Pods_TodoApp.framework in Frameworks */,
			);
			runOnlyForDeploymentPostprocessing = 0;
		};
/* End PBXFrameworksBuildPhase section */

/* Begin PBXGroup section */
		1AC4B9D821113E1300D13256 = {
			isa = PBXGroup;
			children = (
				1AC4B9E321113E1300D13256 /* TodoApp */,
				1AC4B9E221113E1300D13256 /* Products */,
				EE493DCF6B51765DAB1D3D44 /* Pods */,
				5F157AE541C78CE8C5D947EF /* Frameworks */,
			);
			sourceTree = "<group>";
		};
		1AC4B9E221113E1300D13256 /* Products */ = {
			isa = PBXGroup;
			children = (
				1AC4B9E121113E1300D13256 /* TodoApp.app */,
			);
			name = Products;
			sourceTree = "<group>";
		};
		1AC4B9E321113E1300D13256 /* TodoApp */ = {
			isa = PBXGroup;
			children = (
				1AC4B9E421113E1300D13256 /* AppDelegate.swift */,
				1AC4B9F92112A27200D13256 /* Controllers */,
				1AC4B9FA2112A28A00D13256 /* Views */,
				1AC4B9F82112A16800D13256 /* Data Model */,
				1AC4B9FB2112A2BC00D13256 /* Supporting Files */,
				1AC4B9F021113E1900D13256 /* Info.plist */,
			);
			path = TodoApp;
			sourceTree = "<group>";
		};
		1AC4B9F82112A16800D13256 /* Data Model */ = {
			isa = PBXGroup;
			children = (
				1AC4BA2621169BC600D13256 /* Category.swift */,
				1AC4BA2421169BB400D13256 /* Item.swift */,
			);
			path = "Data Model";
			sourceTree = "<group>";
		};
		1AC4B9F92112A27200D13256 /* Controllers */ = {
			isa = PBXGroup;
			children = (
				1AC4BA202114C89800D13256 /* CategoryViewController.swift */,
				1AC4B9E621113E1300D13256 /* TodoViewController.swift */,
			);
			path = Controllers;
			sourceTree = "<group>";
		};
		1AC4B9FA2112A28A00D13256 /* Views */ = {
			isa = PBXGroup;
			children = (
				1AC4B9E821113E1300D13256 /* Main.storyboard */,
			);
			path = Views;
			sourceTree = "<group>";
		};
		1AC4B9FB2112A2BC00D13256 /* Supporting Files */ = {
			isa = PBXGroup;
			children = (
				1AC4B9EB21113E1900D13256 /* Assets.xcassets */,
				1AC4B9ED21113E1900D13256 /* LaunchScreen.storyboard */,
			);
			path = "Supporting Files";
			sourceTree = "<group>";
		};
		5F157AE541C78CE8C5D947EF /* Frameworks */ = {
			isa = PBXGroup;
			children = (
				CE9DC547144F6FA15A8F7B7B /* Pods_TodoApp.framework */,
			);
			name = Frameworks;
			sourceTree = "<group>";
		};
		EE493DCF6B51765DAB1D3D44 /* Pods */ = {
			isa = PBXGroup;
			children = (
				DE63A2A2097DFBC1423A6FDF /* Pods-TodoApp.debug.xcconfig */,
				569112FA7583D0F5B5361CBF /* Pods-TodoApp.release.xcconfig */,
			);
			name = Pods;
			sourceTree = "<group>";
		};
/* End PBXGroup section */

/* Begin PBXNativeTarget section */
		1AC4B9E021113E1300D13256 /* TodoApp */ = {
			isa = PBXNativeTarget;
			buildConfigurationList = 1AC4B9F321113E1900D13256 /* Build configuration list for PBXNativeTarget "TodoApp" */;
			buildPhases = (
				E3AAFBBFF61B3B418A55C11B /* [CP] Check Pods Manifest.lock */,
				1AC4B9DD21113E1300D13256 /* Sources */,
				1AC4B9DE21113E1300D13256 /* Frameworks */,
				1AC4B9DF21113E1300D13256 /* Resources */,
				FCF10DFEDED2683AE56EB79A /* [CP] Embed Pods Frameworks */,
			);
			buildRules = (
			);
			dependencies = (
			);
			name = TodoApp;
			productName = TodoApp;
			productReference = 1AC4B9E121113E1300D13256 /* TodoApp.app */;
			productType = "com.apple.product-type.application";
		};
/* End PBXNativeTarget section */

/* Begin PBXProject section */
		1AC4B9D921113E1300D13256 /* Project object */ = {
			isa = PBXProject;
			attributes = {
				LastSwiftUpdateCheck = 0940;
				LastUpgradeCheck = 0940;
				ORGANIZATIONNAME = "Maulik Shah";
				TargetAttributes = {
					1AC4B9E021113E1300D13256 = {
						CreatedOnToolsVersion = 9.4.1;
					};
				};
			};
			buildConfigurationList = 1AC4B9DC21113E1300D13256 /* Build configuration list for PBXProject "TodoApp" */;
			compatibilityVersion = "Xcode 9.3";
			developmentRegion = en;
			hasScannedForEncodings = 0;
			knownRegions = (
				en,
				Base,
			);
			mainGroup = 1AC4B9D821113E1300D13256;
			productRefGroup = 1AC4B9E221113E1300D13256 /* Products */;
			projectDirPath = "";
			projectRoot = "";
			targets = (
				1AC4B9E021113E1300D13256 /* TodoApp */,
			);
		};
/* End PBXProject section */

/* Begin PBXResourcesBuildPhase section */
		1AC4B9DF21113E1300D13256 /* Resources */ = {
			isa = PBXResourcesBuildPhase;
			buildActionMask = 2147483647;
			files = (
				1AC4B9EF21113E1900D13256 /* LaunchScreen.storyboard in Resources */,
				1AC4B9EC21113E1900D13256 /* Assets.xcassets in Resources */,
				1AC4B9EA21113E1300D13256 /* Main.storyboard in Resources */,
			);
			runOnlyForDeploymentPostprocessing = 0;
		};
/* End PBXResourcesBuildPhase section */

/* Begin PBXShellScriptBuildPhase section */
		E3AAFBBFF61B3B418A55C11B /* [CP] Check Pods Manifest.lock */ = {
			isa = PBXShellScriptBuildPhase;
			buildActionMask = 2147483647;
			files = (
			);
			inputPaths = (
				"${PODS_PODFILE_DIR_PATH}/Podfile.lock",
				"${PODS_ROOT}/Manifest.lock",
			);
			name = "[CP] Check Pods Manifest.lock";
			outputPaths = (
				"$(DERIVED_FILE_DIR)/Pods-TodoApp-checkManifestLockResult.txt",
			);
			runOnlyForDeploymentPostprocessing = 0;
			shellPath = /bin/sh;
			shellScript = "diff \"${PODS_PODFILE_DIR_PATH}/Podfile.lock\" \"${PODS_ROOT}/Manifest.lock\" > /dev/null\nif [ $? != 0 ] ; then\n    # print error to STDERR\n    echo \"error: The sandbox is not in sync with the Podfile.lock. Run 'pod install' or update your CocoaPods installation.\" >&2\n    exit 1\nfi\n# This output is used by Xcode 'outputs' to avoid re-running this script phase.\necho \"SUCCESS\" > \"${SCRIPT_OUTPUT_FILE_0}\"\n";
			showEnvVarsInLog = 0;
		};
		FCF10DFEDED2683AE56EB79A /* [CP] Embed Pods Frameworks */ = {
			isa = PBXShellScriptBuildPhase;
			buildActionMask = 2147483647;
			files = (
			);
			inputPaths = (
				"${SRCROOT}/Pods/Target Support Files/Pods-TodoApp/Pods-TodoApp-frameworks.sh",
				"${BUILT_PRODUCTS_DIR}/Realm/Realm.framework",
				"${BUILT_PRODUCTS_DIR}/RealmSwift/RealmSwift.framework",
			);
			name = "[CP] Embed Pods Frameworks";
			outputPaths = (
				"${TARGET_BUILD_DIR}/${FRAMEWORKS_FOLDER_PATH}/Realm.framework",
				"${TARGET_BUILD_DIR}/${FRAMEWORKS_FOLDER_PATH}/RealmSwift.framework",
			);
			runOnlyForDeploymentPostprocessing = 0;
			shellPath = /bin/sh;
			shellScript = "\"${SRCROOT}/Pods/Target Support Files/Pods-TodoApp/Pods-TodoApp-frameworks.sh\"\n";
			showEnvVarsInLog = 0;
		};
/* End PBXShellScriptBuildPhase section */

/* Begin PBXSourcesBuildPhase section */
		1AC4B9DD21113E1300D13256 /* Sources */ = {
			isa = PBXSourcesBuildPhase;
			buildActionMask = 2147483647;
			files = (
				1AC4BA2521169BB400D13256 /* Item.swift in Sources */,
				1AC4BA212114C89800D13256 /* CategoryViewController.swift in Sources */,
				1AC4B9E721113E1300D13256 /* TodoViewController.swift in Sources */,
				1AC4B9E521113E1300D13256 /* AppDelegate.swift in Sources */,
				1AC4BA2721169BC600D13256 /* Category.swift in Sources */,
			);
			runOnlyForDeploymentPostprocessing = 0;
		};
/* End PBXSourcesBuildPhase section */

/* Begin PBXVariantGroup section */
		1AC4B9E821113E1300D13256 /* Main.storyboard */ = {
			isa = PBXVariantGroup;
			children = (
				1AC4B9E921113E1300D13256 /* Base */,
			);
			name = Main.storyboard;
			sourceTree = "<group>";
		};
		1AC4B9ED21113E1900D13256 /* LaunchScreen.storyboard */ = {
			isa = PBXVariantGroup;
			children = (
				1AC4B9EE21113E1900D13256 /* Base */,
			);
			name = LaunchScreen.storyboard;
			sourceTree = "<group>";
		};
/* End PBXVariantGroup section */

/* Begin XCBuildConfiguration section */
		1AC4B9F121113E1900D13256 /* Debug */ = {
			isa = XCBuildConfiguration;
			buildSettings = {
				ALWAYS_SEARCH_USER_PATHS = NO;
				CLANG_ANALYZER_NONNULL = YES;
				CLANG_ANALYZER_NUMBER_OBJECT_CONVERSION = YES_AGGRESSIVE;
				CLANG_CXX_LANGUAGE_STANDARD = "gnu++14";
				CLANG_CXX_LIBRARY = "libc++";
				CLANG_ENABLE_MODULES = YES;
				CLANG_ENABLE_OBJC_ARC = YES;
				CLANG_ENABLE_OBJC_WEAK = YES;
				CLANG_WARN_BLOCK_CAPTURE_AUTORELEASING = YES;
				CLANG_WARN_BOOL_CONVERSION = YES;
				CLANG_WARN_COMMA = YES;
				CLANG_WARN_CONSTANT_CONVERSION = YES;
				CLANG_WARN_DEPRECATED_OBJC_IMPLEMENTATIONS = YES;
				CLANG_WARN_DIRECT_OBJC_ISA_USAGE = YES_ERROR;
				CLANG_WARN_DOCUMENTATION_COMMENTS = YES;
				CLANG_WARN_EMPTY_BODY = YES;
				CLANG_WARN_ENUM_CONVERSION = YES;
				CLANG_WARN_INFINITE_RECURSION = YES;
				CLANG_WARN_INT_CONVERSION = YES;
				CLANG_WARN_NON_LITERAL_NULL_CONVERSION = YES;
				CLANG_WARN_OBJC_IMPLICIT_RETAIN_SELF = YES;
				CLANG_WARN_OBJC_LITERAL_CONVERSION = YES;
				CLANG_WARN_OBJC_ROOT_CLASS = YES_ERROR;
				CLANG_WARN_RANGE_LOOP_ANALYSIS = YES;
				CLANG_WARN_STRICT_PROTOTYPES = YES;
				CLANG_WARN_SUSPICIOUS_MOVE = YES;
				CLANG_WARN_UNGUARDED_AVAILABILITY = YES_AGGRESSIVE;
				CLANG_WARN_UNREACHABLE_CODE = YES;
				CLANG_WARN__DUPLICATE_METHOD_MATCH = YES;
				CODE_SIGN_IDENTITY = "iPhone Developer";
				COPY_PHASE_STRIP = NO;
				DEBUG_INFORMATION_FORMAT = dwarf;
				ENABLE_STRICT_OBJC_MSGSEND = YES;
				ENABLE_TESTABILITY = YES;
				GCC_C_LANGUAGE_STANDARD = gnu11;
				GCC_DYNAMIC_NO_PIC = NO;
				GCC_NO_COMMON_BLOCKS = YES;
				GCC_OPTIMIZATION_LEVEL = 0;
				GCC_PREPROCESSOR_DEFINITIONS = (
					"DEBUG=1",
					"$(inherited)",
				);
				GCC_WARN_64_TO_32_BIT_CONVERSION = YES;
				GCC_WARN_ABOUT_RETURN_TYPE = YES_ERROR;
				GCC_WARN_UNDECLARED_SELECTOR = YES;
				GCC_WARN_UNINITIALIZED_AUTOS = YES_AGGRESSIVE;
				GCC_WARN_UNUSED_FUNCTION = YES;
				GCC_WARN_UNUSED_VARIABLE = YES;
				IPHONEOS_DEPLOYMENT_TARGET = 11.4;
				MTL_ENABLE_DEBUG_INFO = YES;
				ONLY_ACTIVE_ARCH = YES;
				SDKROOT = iphoneos;
				SWIFT_ACTIVE_COMPILATION_CONDITIONS = DEBUG;
				SWIFT_OPTIMIZATION_LEVEL = "-Onone";
			};
			name = Debug;
		};
		1AC4B9F221113E1900D13256 /* Release */ = {
			isa = XCBuildConfiguration;
			buildSettings = {
				ALWAYS_SEARCH_USER_PATHS = NO;
				CLANG_ANALYZER_NONNULL = YES;
				CLANG_ANALYZER_NUMBER_OBJECT_CONVERSION = YES_AGGRESSIVE;
				CLANG_CXX_LANGUAGE_STANDARD = "gnu++14";
				CLANG_CXX_LIBRARY = "libc++";
				CLANG_ENABLE_MODULES = YES;
				CLANG_ENABLE_OBJC_ARC = YES;
				CLANG_ENABLE_OBJC_WEAK = YES;
				CLANG_WARN_BLOCK_CAPTURE_AUTORELEASING = YES;
				CLANG_WARN_BOOL_CONVERSION = YES;
				CLANG_WARN_COMMA = YES;
				CLANG_WARN_CONSTANT_CONVERSION = YES;
				CLANG_WARN_DEPRECATED_OBJC_IMPLEMENTATIONS = YES;
				CLANG_WARN_DIRECT_OBJC_ISA_USAGE = YES_ERROR;
				CLANG_WARN_DOCUMENTATION_COMMENTS = YES;
				CLANG_WARN_EMPTY_BODY = YES;
				CLANG_WARN_ENUM_CONVERSION = YES;
				CLANG_WARN_INFINITE_RECURSION = YES;
				CLANG_WARN_INT_CONVERSION = YES;
				CLANG_WARN_NON_LITERAL_NULL_CONVERSION = YES;
				CLANG_WARN_OBJC_IMPLICIT_RETAIN_SELF = YES;
				CLANG_WARN_OBJC_LITERAL_CONVERSION = YES;
				CLANG_WARN_OBJC_ROOT_CLASS = YES_ERROR;
				CLANG_WARN_RANGE_LOOP_ANALYSIS = YES;
				CLANG_WARN_STRICT_PROTOTYPES = YES;
				CLANG_WARN_SUSPICIOUS_MOVE = YES;
				CLANG_WARN_UNGUARDED_AVAILABILITY = YES_AGGRESSIVE;
				CLANG_WARN_UNREACHABLE_CODE = YES;
				CLANG_WARN__DUPLICATE_METHOD_MATCH = YES;
				CODE_SIGN_IDENTITY = "iPhone Developer";
				COPY_PHASE_STRIP = NO;
				DEBUG_INFORMATION_FORMAT = "dwarf-with-dsym";
				ENABLE_NS_ASSERTIONS = NO;
				ENABLE_STRICT_OBJC_MSGSEND = YES;
				GCC_C_LANGUAGE_STANDARD = gnu11;
				GCC_NO_COMMON_BLOCKS = YES;
				GCC_WARN_64_TO_32_BIT_CONVERSION = YES;
				GCC_WARN_ABOUT_RETURN_TYPE = YES_ERROR;
				GCC_WARN_UNDECLARED_SELECTOR = YES;
				GCC_WARN_UNINITIALIZED_AUTOS = YES_AGGRESSIVE;
				GCC_WARN_UNUSED_FUNCTION = YES;
				GCC_WARN_UNUSED_VARIABLE = YES;
				IPHONEOS_DEPLOYMENT_TARGET = 11.4;
				MTL_ENABLE_DEBUG_INFO = NO;
				SDKROOT = iphoneos;
				SWIFT_COMPILATION_MODE = wholemodule;
				SWIFT_OPTIMIZATION_LEVEL = "-O";
				VALIDATE_PRODUCT = YES;
			};
			name = Release;
		};
		1AC4B9F421113E1900D13256 /* Debug */ = {
			isa = XCBuildConfiguration;
			baseConfigurationReference = DE63A2A2097DFBC1423A6FDF /* Pods-TodoApp.debug.xcconfig */;
			buildSettings = {
				ASSETCATALOG_COMPILER_APPICON_NAME = AppIcon;
				CODE_SIGN_STYLE = Automatic;
				INFOPLIST_FILE = TodoApp/Info.plist;
				LD_RUNPATH_SEARCH_PATHS = (
					"$(inherited)",
					"@executable_path/Frameworks",
				);
				PRODUCT_BUNDLE_IDENTIFIER = com.maulikshah.TodoApp;
				PRODUCT_NAME = "$(TARGET_NAME)";
				SWIFT_VERSION = 4.0;
				TARGETED_DEVICE_FAMILY = "1,2";
			};
			name = Debug;
		};
		1AC4B9F521113E1900D13256 /* Release */ = {
			isa = XCBuildConfiguration;
			baseConfigurationReference = 569112FA7583D0F5B5361CBF /* Pods-TodoApp.release.xcconfig */;
			buildSettings = {
				ASSETCATALOG_COMPILER_APPICON_NAME = AppIcon;
				CODE_SIGN_STYLE = Automatic;
				INFOPLIST_FILE = TodoApp/Info.plist;
				LD_RUNPATH_SEARCH_PATHS = (
					"$(inherited)",
					"@executable_path/Frameworks",
				);
				PRODUCT_BUNDLE_IDENTIFIER = com.maulikshah.TodoApp;
				PRODUCT_NAME = "$(TARGET_NAME)";
				SWIFT_VERSION = 4.0;
				TARGETED_DEVICE_FAMILY = "1,2";
			};
			name = Release;
		};
/* End XCBuildConfiguration section */

/* Begin XCConfigurationList section */
		1AC4B9DC21113E1300D13256 /* Build configuration list for PBXProject "TodoApp" */ = {
			isa = XCConfigurationList;
			buildConfigurations = (
				1AC4B9F121113E1900D13256 /* Debug */,
				1AC4B9F221113E1900D13256 /* Release */,
			);
			defaultConfigurationIsVisible = 0;
			defaultConfigurationName = Release;
		};
		1AC4B9F321113E1900D13256 /* Build configuration list for PBXNativeTarget "TodoApp" */ = {
			isa = XCConfigurationList;
			buildConfigurations = (
				1AC4B9F421113E1900D13256 /* Debug */,
				1AC4B9F521113E1900D13256 /* Release */,
			);
			defaultConfigurationIsVisible = 0;
			defaultConfigurationName = Release;
		};
/* End XCConfigurationList section */
	};
	rootObject = 1AC4B9D921113E1300D13256 /* Project object */;
}
